
Microsoft Visual Studio Solution File, Format Version 12.00
# Visual Studio 14
VisualStudioVersion = 14.0.25123.0
MinimumVisualStudioVersion = 10.0.40219.1
Project("{FAE04EC0-301F-11D3-BF4B-00C04F79EFBC}") = "axado", "axado\axado.csproj", "{EA8CDADB-BD48-4C46-BF73-D6354E4C9D82}"
EndProject
Project("{FAE04EC0-301F-11D3-BF4B-00C04F79EFBC}") = "rotas", "rotas\rotas.csproj", "{D07B09CE-51B7-4BB8-A063-58FBF2B0D23D}"
EndProject
Global
	GlobalSection(SolutionConfigurationPlatforms) = preSolution
		Debug|Any CPU = Debug|Any CPU
		Release|Any CPU = Release|Any CPU
	EndGlobalSection
	GlobalSection(ProjectConfigurationPlatforms) = postSolution
		{EA8CDADB-BD48-4C46-BF73-D6354E4C9D82}.Debug|Any CPU.ActiveCfg = Debug|Any CPU
		{EA8CDADB-BD48-4C46-BF73-D6354E4C9D82}.Debug|Any CPU.Build.0 = Debug|Any CPU
		{EA8CDADB-BD48-4C46-BF73-D6354E4C9D82}.Release|Any CPU.ActiveCfg = Release|Any CPU
		{EA8CDADB-BD48-4C46-BF73-D6354E4C9D82}.Release|Any CPU.Build.0 = Release|Any CPU
		{D07B09CE-51B7-4BB8-A063-58FBF2B0D23D}.Debug|Any CPU.ActiveCfg = Debug|Any CPU
		{D07B09CE-51B7-4BB8-A063-58FBF2B0D23D}.Debug|Any CPU.Build.0 = Debug|Any CPU
		{D07B09CE-51B7-4BB8-A063-58FBF2B0D23D}.Release|Any CPU.ActiveCfg = Release|Any CPU
		{D07B09CE-51B7-4BB8-A063-58FBF2B0D23D}.Release|Any CPU.Build.0 = Release|Any CPU
	EndGlobalSection
	GlobalSection(SolutionProperties) = preSolution
		HideSolutionNode = FALSE
	EndGlobalSection
EndGlobal
